Microsoft Visual Studio Solution File, Format Version 12.00
# Visual Studio 14
VisualStudioVersion = 14.0.25420.1
MinimumVisualStudioVersion = 10.0.40219.1
Project("{FAE04EC0-301F-11D3-BF4B-00C04F79EFBC}") = "CodeCompiler", "CodeCompiler.csproj", "{5EEB8D4F-21E4-44DF-BFFF-46C429FE46A1}"
EndProject
Project("{FAE04EC0-301F-11D3-BF4B-00C04F79EFBC}") = "Tester", "Tester\Tester.csproj", "{6531D53F-0415-4F01-BAB3-00998AC0B317}"
EndProject
Project("{FAE04EC0-301F-11D3-BF4B-00C04F79EFBC}") = "DynamicDict", "..\DynamicDict\DynamicDict.csproj", "{2DD495DA-948B-4E4E-8065-02EB412176A0}"
EndProject
Global
	GlobalSection(SolutionConfigurationPlatforms) = preSolution
		Debug|Any CPU = Debug|Any CPU
		Release|Any CPU = Release|Any CPU
	EndGlobalSection
	GlobalSection(ProjectConfigurationPlatforms) = postSolution
		{5EEB8D4F-21E4-44DF-BFFF-46C429FE46A1}.Debug|Any CPU.ActiveCfg = Debug|Any CPU
		{5EEB8D4F-21E4-44DF-BFFF-46C429FE46A1}.Debug|Any CPU.Build.0 = Debug|Any CPU
		{5EEB8D4F-21E4-44DF-BFFF-46C429FE46A1}.Release|Any CPU.ActiveCfg = Release|Any CPU
		{5EEB8D4F-21E4-44DF-BFFF-46C429FE46A1}.Release|Any CPU.Build.0 = Release|Any CPU
		{6531D53F-0415-4F01-BAB3-00998AC0B317}.Debug|Any CPU.ActiveCfg = Debug|Any CPU
		{6531D53F-0415-4F01-BAB3-00998AC0B317}.Debug|Any CPU.Build.0 = Debug|Any CPU
		{6531D53F-0415-4F01-BAB3-00998AC0B317}.Release|Any CPU.ActiveCfg = Release|Any CPU
		{6531D53F-0415-4F01-BAB3-00998AC0B317}.Release|Any CPU.Build.0 = Release|Any CPU
		{2DD495DA-948B-4E4E-8065-02EB412176A0}.Debug|Any CPU.ActiveCfg = Debug|Any CPU
		{2DD495DA-948B-4E4E-8065-02EB412176A0}.Debug|Any CPU.Build.0 = Debug|Any CPU
		{2DD495DA-948B-4E4E-8065-02EB412176A0}.Release|Any CPU.ActiveCfg = Release|Any CPU
		{2DD495DA-948B-4E4E-8065-02EB412176A0}.Release|Any CPU.Build.0 = Release|Any CPU
	EndGlobalSection
	GlobalSection(SolutionProperties) = preSolution
		HideSolutionNode = FALSE
	EndGlobalSection
EndGlobal
